
Microsoft Visual Studio Solution File, Format Version 12.00
# Visual Studio Version 16
VisualStudioVersion = 16.0.31112.23
MinimumVisualStudioVersion = 10.0.40219.1
Project("{FAE04EC0-301F-11D3-BF4B-00C04F79EFBC}") = "Broadway430", "Broadway430\Broadway430.csproj", "{D71EE838-B6B2-4B66-A497-19FF494E8580}"
EndProject
Project("{FAE04EC0-301F-11D3-BF4B-00C04F79EFBC}") = "Broadways.Desktop", "Broadways.Desktop\Broadways.Desktop.csproj", "{512FEDD8-9D16-4CB5-9C11-B66D59709AAD}"
EndProject
Global
	GlobalSection(SolutionConfigurationPlatforms) = preSolution
		Debug|Any CPU = Debug|Any CPU
		Release|Any CPU = Release|Any CPU
	EndGlobalSection
	GlobalSection(ProjectConfigurationPlatforms) = postSolution
		{D71EE838-B6B2-4B66-A497-19FF494E8580}.Debug|Any CPU.ActiveCfg = Debug|Any CPU
		{D71EE838-B6B2-4B66-A497-19FF494E8580}.Debug|Any CPU.Build.0 = Debug|Any CPU
		{D71EE838-B6B2-4B66-A497-19FF494E8580}.Release|Any CPU.ActiveCfg = Release|Any CPU
		{D71EE838-B6B2-4B66-A497-19FF494E8580}.Release|Any CPU.Build.0 = Release|Any CPU
		{512FEDD8-9D16-4CB5-9C11-B66D59709AAD}.Debug|Any CPU.ActiveCfg = Debug|Any CPU
		{512FEDD8-9D16-4CB5-9C11-B66D59709AAD}.Debug|Any CPU.Build.0 = Debug|Any CPU
		{512FEDD8-9D16-4CB5-9C11-B66D59709AAD}.Release|Any CPU.ActiveCfg = Release|Any CPU
		{512FEDD8-9D16-4CB5-9C11-B66D59709AAD}.Release|Any CPU.Build.0 = Release|Any CPU
	EndGlobalSection
	GlobalSection(SolutionProperties) = preSolution
		HideSolutionNode = FALSE
	EndGlobalSection
	GlobalSection(ExtensibilityGlobals) = postSolution
		SolutionGuid = {576FE9DA-D63D-440A-823A-0D2F6ECF9C9A}
	EndGlobalSection
EndGlobal
